
Microsoft Visual Studio Solution File, Format Version 12.00
# Visual Studio Version 16
VisualStudioVersion = 16.0.29230.47
MinimumVisualStudioVersion = 10.0.40219.1
Project("{FAE04EC0-301F-11D3-BF4B-00C04F79EFBC}") = "modern-tech-499m", "modern-tech-499m\modern-tech-499m.csproj", "{054F4337-4F65-492E-97CA-CA9836E8E1B5}"
EndProject
Project("{FAE04EC0-301F-11D3-BF4B-00C04F79EFBC}") = "modern_tech_499m.Tests", "modern_tech_499m.Tests\modern_tech_499m.Tests.csproj", "{7FC58456-73DC-4BBC-BDBB-8F2AE16EF5E8}"
EndProject
Project("{FAE04EC0-301F-11D3-BF4B-00C04F79EFBC}") = "modern-tech-499m.Repositories", "modern-tech-499m.Repositories\modern-tech-499m.Repositories.csproj", "{52C1FBD4-3AEE-484F-8A97-CC76838517AC}"
EndProject
Global
	GlobalSection(SolutionConfigurationPlatforms) = preSolution
		Debug|Any CPU = Debug|Any CPU
		Release|Any CPU = Release|Any CPU
	EndGlobalSection
	GlobalSection(ProjectConfigurationPlatforms) = postSolution
		{054F4337-4F65-492E-97CA-CA9836E8E1B5}.Debug|Any CPU.ActiveCfg = Debug|Any CPU
		{054F4337-4F65-492E-97CA-CA9836E8E1B5}.Debug|Any CPU.Build.0 = Debug|Any CPU
		{054F4337-4F65-492E-97CA-CA9836E8E1B5}.Release|Any CPU.ActiveCfg = Release|Any CPU
		{054F4337-4F65-492E-97CA-CA9836E8E1B5}.Release|Any CPU.Build.0 = Release|Any CPU
		{7FC58456-73DC-4BBC-BDBB-8F2AE16EF5E8}.Debug|Any CPU.ActiveCfg = Debug|Any CPU
		{7FC58456-73DC-4BBC-BDBB-8F2AE16EF5E8}.Debug|Any CPU.Build.0 = Debug|Any CPU
		{7FC58456-73DC-4BBC-BDBB-8F2AE16EF5E8}.Release|Any CPU.ActiveCfg = Release|Any CPU
		{7FC58456-73DC-4BBC-BDBB-8F2AE16EF5E8}.Release|Any CPU.Build.0 = Release|Any CPU
		{52C1FBD4-3AEE-484F-8A97-CC76838517AC}.Debug|Any CPU.ActiveCfg = Debug|Any CPU
		{52C1FBD4-3AEE-484F-8A97-CC76838517AC}.Debug|Any CPU.Build.0 = Debug|Any CPU
		{52C1FBD4-3AEE-484F-8A97-CC76838517AC}.Release|Any CPU.ActiveCfg = Release|Any CPU
		{52C1FBD4-3AEE-484F-8A97-CC76838517AC}.Release|Any CPU.Build.0 = Release|Any CPU
	EndGlobalSection
	GlobalSection(SolutionProperties) = preSolution
		HideSolutionNode = FALSE
	EndGlobalSection
	GlobalSection(ExtensibilityGlobals) = postSolution
		SolutionGuid = {7EE3879D-ECB6-4061-B1F6-7940E8072308}
	EndGlobalSection
EndGlobal
